
Microsoft Visual Studio Solution File, Format Version 12.00
# Visual Studio Version 16
VisualStudioVersion = 16.0.29306.81
MinimumVisualStudioVersion = 10.0.40219.1
Project("{FAE04EC0-301F-11D3-BF4B-00C04F79EFBC}") = "Level Info Export Tool", "Level Info Export Tool\Level Info Export Tool.csproj", "{6BF9AF7C-73EB-4143-BD40-A253DE287437}"
EndProject
Global
	GlobalSection(SolutionConfigurationPlatforms) = preSolution
		Debug|Any CPU = Debug|Any CPU
		Release|Any CPU = Release|Any CPU
	EndGlobalSection
	GlobalSection(ProjectConfigurationPlatforms) = postSolution
		{6BF9AF7C-73EB-4143-BD40-A253DE287437}.Debug|Any CPU.ActiveCfg = Debug|Any CPU
		{6BF9AF7C-73EB-4143-BD40-A253DE287437}.Debug|Any CPU.Build.0 = Debug|Any CPU
		{6BF9AF7C-73EB-4143-BD40-A253DE287437}.Release|Any CPU.ActiveCfg = Release|Any CPU
		{6BF9AF7C-73EB-4143-BD40-A253DE287437}.Release|Any CPU.Build.0 = Release|Any CPU
	EndGlobalSection
	GlobalSection(SolutionProperties) = preSolution
		HideSolutionNode = FALSE
	EndGlobalSection
	GlobalSection(ExtensibilityGlobals) = postSolution
		SolutionGuid = {BA1890A2-0D35-4893-AF12-59CA0B4BDCBD}
	EndGlobalSection
EndGlobal
